// !$*UTF8*$!
{
	archiveVersion = 1;
	classes = {
	};
	objectVersion = 77;
	objects = {

/* Begin PBXBuildFile section */
		B57AA9A42F39DD9F00582866 /* ICLOUD_SETUP.md in Resources */ = {isa = PBXBuildFile; fileRef = B57AA9A32F39DD9F00582866 /* ICLOUD_SETUP.md */; };
		B57AA9A62F39DDB300582866 /* ICLOUD_CHECKLIST.md in Resources */ = {isa = PBXBuildFile; fileRef = B57AA9A52F39DDB300582866 /* ICLOUD_CHECKLIST.md */; };
		B57AA9AA2F39E02500582866 /* CLOUDKIT_DASHBOARD_FAQ.md in Resources */ = {isa = PBXBuildFile; fileRef = B57AA9A92F39E02500582866 /* CLOUDKIT_DASHBOARD_FAQ.md */; };
		B58A096A2F38C8B900CF976B /* README.md in Resources */ = {isa = PBXBuildFile; fileRef = B58A09692F38C8B900CF976B /* README.md */; };
		B58A09762F38C99F00CF976B /* QUICKSTART.md in Resources */ = {isa = PBXBuildFile; fileRef = B58A09752F38C99F00CF976B /* QUICKSTART.md */; };
		B5D07BFE2F3A1BF5007CB2FF /* ContactPickerView.swift in Sources */ = {isa = PBXBuildFile; fileRef = B5D07BFD2F3A1BF5007CB2FF /* ContactPickerView.swift */; };
		B5D07C002F3A1C38007CB2FF /* ContactPickerViewModel.swift in Sources */ = {isa = PBXBuildFile; fileRef = B5D07BFF2F3A1C38007CB2FF /* ContactPickerViewModel.swift */; };
		B5D07C022F3A1C69007CB2FF /* ContactPicker-README.md in Resources */ = {isa = PBXBuildFile; fileRef = B5D07C012F3A1C69007CB2FF /* ContactPicker-README.md */; };
/* End PBXBuildFile section */

/* Begin PBXContainerItemProxy section */
		B58A09432F38C7AE00CF976B /* PBXContainerItemProxy */ = {
			isa = PBXContainerItemProxy;
			containerPortal = B58A092B2F38C7AD00CF976B /* Project object */;
			proxyType = 1;
			remoteGlobalIDString = B58A09322F38C7AD00CF976B;
			remoteInfo = Keynotes;
		};
		B58A094D2F38C7AE00CF976B /* PBXContainerItemProxy */ = {
			isa = PBXContainerItemProxy;
			containerPortal = B58A092B2F38C7AD00CF976B /* Project object */;
			proxyType = 1;
			remoteGlobalIDString = B58A09322F38C7AD00CF976B;
			remoteInfo = Keynotes;
		};
/* End PBXContainerItemProxy section */

/* Begin PBXFileReference section */
		B57AA9A32F39DD9F00582866 /* ICLOUD_SETUP.md */ = {isa = PBXFileReference; lastKnownFileType = net.daringfireball.markdown; path = ICLOUD_SETUP.md; sourceTree = "<group>"; };
		B57AA9A52F39DDB300582866 /* ICLOUD_CHECKLIST.md */ = {isa = PBXFileReference; lastKnownFileType = net.daringfireball.markdown; path = ICLOUD_CHECKLIST.md; sourceTree = "<group>"; };
		B57AA9A92F39E02500582866 /* CLOUDKIT_DASHBOARD_FAQ.md */ = {isa = PBXFileReference; lastKnownFileType = net.daringfireball.markdown; path = CLOUDKIT_DASHBOARD_FAQ.md; sourceTree = "<group>"; };
		B58A09332F38C7AD00CF976B /* Keynotes.app */ = {isa = PBXFileReference; explicitFileType = wrapper.application; includeInIndex = 0; path = Keynotes.app; sourceTree = BUILT_PRODUCTS_DIR; };
		B58A09422F38C7AE00CF976B /* KeynotesTests.xctest */ = {isa = PBXFileReference; explicitFileType = wrapper.cfbundle; includeInIndex = 0; path = KeynotesTests.xctest; sourceTree = BUILT_PRODUCTS_DIR; };
		B58A094C2F38C7AE00CF976B /* KeynotesUITests.xctest */ = {isa = PBXFileReference; explicitFileType = wrapper.cfbundle; includeInIndex = 0; path = KeynotesUITests.xctest; sourceTree = BUILT_PRODUCTS_DIR; };
		B58A09692F38C8B900CF976B /* README.md */ = {isa = PBXFileReference; lastKnownFileType = net.daringfireball.markdown; path = README.md; sourceTree = "<group>"; };
		B58A09752F38C99F00CF976B /* QUICKSTART.md */ = {isa = PBXFileReference; lastKnownFileType = net.daringfireball.markdown; path = QUICKSTART.md; sourceTree = "<group>"; };
		B5D07BFD2F3A1BF5007CB2FF /* ContactPickerView.swift */ = {isa = PBXFileReference; lastKnownFileType = sourcecode.swift; path = ContactPickerView.swift; sourceTree = "<group>"; };
		B5D07BFF2F3A1C38007CB2FF /* ContactPickerViewModel.swift */ = {isa = PBXFileReference; lastKnownFileType = sourcecode.swift; path = ContactPickerViewModel.swift; sourceTree = "<group>"; };
		B5D07C012F3A1C69007CB2FF /* ContactPicker-README.md */ = {isa = PBXFileReference; lastKnownFileType = net.daringfireball.markdown; path = "ContactPicker-README.md"; sourceTree = "<group>"; };
/* End PBXFileReference section */

/* Begin PBXFileSystemSynchronizedBuildFileExceptionSet section */
		B57AA9992F39D5E100582866 /* Exceptions for "Keynotes" folder in "Keynotes" target */ = {
			isa = PBXFileSystemSynchronizedBuildFileExceptionSet;
			membershipExceptions = (
				Info.plist,
			);
			target = B58A09322F38C7AD00CF976B /* Keynotes */;
		};
/* End PBXFileSystemSynchronizedBuildFileExceptionSet section */

/* Begin PBXFileSystemSynchronizedRootGroup section */
		B58A09352F38C7AD00CF976B /* Keynotes */ = {
			isa = PBXFileSystemSynchronizedRootGroup;
			exceptions = (
				B57AA9992F39D5E100582866 /* Exceptions for "Keynotes" folder in "Keynotes" target */,
			);
			path = Keynotes;
			sourceTree = "<group>";
		};
		B58A09452F38C7AE00CF976B /* KeynotesTests */ = {
			isa = PBXFileSystemSynchronizedRootGroup;
			path = KeynotesTests;
			sourceTree = "<group>";
		};
		B58A094F2F38C7AE00CF976B /* KeynotesUITests */ = {
			isa = PBXFileSystemSynchronizedRootGroup;
			path = KeynotesUITests;
			sourceTree = "<group>";
		};
/* End PBXFileSystemSynchronizedRootGroup section */

/* Begin PBXFrameworksBuildPhase section */
		B58A09302F38C7AD00CF976B /* Frameworks */ = {
			isa = PBXFrameworksBuildPhase;
			buildActionMask = 2147483647;
			files = (
			);
			runOnlyForDeploymentPostprocessing = 0;
		};
		B58A093F2F38C7AE00CF976B /* Frameworks */ = {
			isa = PBXFrameworksBuildPhase;
			buildActionMask = 2147483647;
			files = (
			);
			runOnlyForDeploymentPostprocessing = 0;
		};
		B58A09492F38C7AE00CF976B /* Frameworks */ = {
			isa = PBXFrameworksBuildPhase;
			buildActionMask = 2147483647;
			files = (
			);
			runOnlyForDeploymentPostprocessing = 0;
		};
/* End PBXFrameworksBuildPhase section */

/* Begin PBXGroup section */
		B58A092A2F38C7AD00CF976B = {
			isa = PBXGroup;
			children = (
				B58A09352F38C7AD00CF976B /* Keynotes */,
				B58A09452F38C7AE00CF976B /* KeynotesTests */,
				B58A094F2F38C7AE00CF976B /* KeynotesUITests */,
				B58A09342F38C7AD00CF976B /* Products */,
				B58A09752F38C99F00CF976B /* QUICKSTART.md */,
				B58A09692F38C8B900CF976B /* README.md */,
				B57AA9A52F39DDB300582866 /* ICLOUD_CHECKLIST.md */,
				B57AA9A32F39DD9F00582866 /* ICLOUD_SETUP.md */,
				B57AA9A92F39E02500582866 /* CLOUDKIT_DASHBOARD_FAQ.md */,
				B5D07BFD2F3A1BF5007CB2FF /* ContactPickerView.swift */,
				B5D07BFF2F3A1C38007CB2FF /* ContactPickerViewModel.swift */,
				B5D07C012F3A1C69007CB2FF /* ContactPicker-README.md */,
			);
			sourceTree = "<group>";
		};
		B58A09342F38C7AD00CF976B /* Products */ = {
			isa = PBXGroup;
			children = (
				B58A09332F38C7AD00CF976B /* Keynotes.app */,
				B58A09422F38C7AE00CF976B /* KeynotesTests.xctest */,
				B58A094C2F38C7AE00CF976B /* KeynotesUITests.xctest */,
			);
			name = Products;
			sourceTree = "<group>";
		};
/* End PBXGroup section */

/* Begin PBXNativeTarget section */
		B58A09322F38C7AD00CF976B /* Keynotes */ = {
			isa = PBXNativeTarget;
			buildConfigurationList = B58A09562F38C7AE00CF976B /* Build configuration list for PBXNativeTarget "Keynotes" */;
			buildPhases = (
				B58A092F2F38C7AD00CF976B /* Sources */,
				B58A09302F38C7AD00CF976B /* Frameworks */,
				B58A09312F38C7AD00CF976B /* Resources */,
			);
			buildRules = (
			);
			dependencies = (
			);
			fileSystemSynchronizedGroups = (
				B58A09352F38C7AD00CF976B /* Keynotes */,
			);
			name = Keynotes;
			packageProductDependencies = (
			);
			productName = Keynotes;
			productReference = B58A09332F38C7AD00CF976B /* Keynotes.app */;
			productType = "com.apple.product-type.application";
		};
		B58A09412F38C7AE00CF976B /* KeynotesTests */ = {
			isa = PBXNativeTarget;
			buildConfigurationList = B58A09592F38C7AE00CF976B /* Build configuration list for PBXNativeTarget "KeynotesTests" */;
			buildPhases = (
				B58A093E2F38C7AE00CF976B /* Sources */,
				B58A093F2F38C7AE00CF976B /* Frameworks */,
				B58A09402F38C7AE00CF976B /* Resources */,
			);
			buildRules = (
			);
			dependencies = (
				B58A09442F38C7AE00CF976B /* PBXTargetDependency */,
			);
			fileSystemSynchronizedGroups = (
				B58A09452F38C7AE00CF976B /* KeynotesTests */,
			);
			name = KeynotesTests;
			packageProductDependencies = (
			);
			productName = KeynotesTests;
			productReference = B58A09422F38C7AE00CF976B /* KeynotesTests.xctest */;
			productType = "com.apple.product-type.bundle.unit-test";
		};
		B58A094B2F38C7AE00CF976B /* KeynotesUITests */ = {
			isa = PBXNativeTarget;
			buildConfigurationList = B58A095C2F38C7AE00CF976B /* Build configuration list for PBXNativeTarget "KeynotesUITests" */;
			buildPhases = (
				B58A09482F38C7AE00CF976B /* Sources */,
				B58A09492F38C7AE00CF976B /* Frameworks */,
				B58A094A2F38C7AE00CF976B /* Resources */,
			);
			buildRules = (
			);
			dependencies = (
				B58A094E2F38C7AE00CF976B /* PBXTargetDependency */,
			);
			fileSystemSynchronizedGroups = (
				B58A094F2F38C7AE00CF976B /* KeynotesUITests */,
			);
			name = KeynotesUITests;
			packageProductDependencies = (
			);
			productName = KeynotesUITests;
			productReference = B58A094C2F38C7AE00CF976B /* KeynotesUITests.xctest */;
			productType = "com.apple.product-type.bundle.ui-testing";
		};
/* End PBXNativeTarget section */

/* Begin PBXProject section */
		B58A092B2F38C7AD00CF976B /* Project object */ = {
			isa = PBXProject;
			attributes = {
				BuildIndependentTargetsInParallel = 1;
				LastSwiftUpdateCheck = 2620;
				LastUpgradeCheck = 2620;
				TargetAttributes = {
					B58A09322F38C7AD00CF976B = {
						CreatedOnToolsVersion = 26.2;
					};
					B58A09412F38C7AE00CF976B = {
						CreatedOnToolsVersion = 26.2;
						TestTargetID = B58A09322F38C7AD00CF976B;
					};
					B58A094B2F38C7AE00CF976B = {
						CreatedOnToolsVersion = 26.2;
						TestTargetID = B58A09322F38C7AD00CF976B;
					};
				};
			};
			buildConfigurationList = B58A092E2F38C7AD00CF976B /* Build configuration list for PBXProject "Keynotes" */;
			developmentRegion = en;
			hasScannedForEncodings = 0;
			knownRegions = (
				en,
				Base,
			);
			mainGroup = B58A092A2F38C7AD00CF976B;
			minimizedProjectReferenceProxies = 1;
			preferredProjectObjectVersion = 77;
			productRefGroup = B58A09342F38C7AD00CF976B /* Products */;
			projectDirPath = "";
			projectRoot = "";
			targets = (
				B58A09322F38C7AD00CF976B /* Keynotes */,
				B58A09412F38C7AE00CF976B /* KeynotesTests */,
				B58A094B2F38C7AE00CF976B /* KeynotesUITests */,
			);
		};
/* End PBXProject section */

/* Begin PBXResourcesBuildPhase section */
		B58A09312F38C7AD00CF976B /* Resources */ = {
			isa = PBXResourcesBuildPhase;
			buildActionMask = 2147483647;
			files = (
				B57AA9A62F39DDB300582866 /* ICLOUD_CHECKLIST.md in Resources */,
				B58A096A2F38C8B900CF976B /* README.md in Resources */,
				B57AA9AA2F39E02500582866 /* CLOUDKIT_DASHBOARD_FAQ.md in Resources */,
				B57AA9A42F39DD9F00582866 /* ICLOUD_SETUP.md in Resources */,
				B58A09762F38C99F00CF976B /* QUICKSTART.md in Resources */,
				B5D07C022F3A1C69007CB2FF /* ContactPicker-README.md in Resources */,
			);
			runOnlyForDeploymentPostprocessing = 0;
		};
		B58A09402F38C7AE00CF976B /* Resources */ = {
			isa = PBXResourcesBuildPhase;
			buildActionMask = 2147483647;
			files = (
			);
			runOnlyForDeploymentPostprocessing = 0;
		};
		B58A094A2F38C7AE00CF976B /* Resources */ = {
			isa = PBXResourcesBuildPhase;
			buildActionMask = 2147483647;
			files = (
			);
			runOnlyForDeploymentPostprocessing = 0;
		};
/* End PBXResourcesBuildPhase section */

/* Begin PBXSourcesBuildPhase section */
		B58A092F2F38C7AD00CF976B /* Sources */ = {
			isa = PBXSourcesBuildPhase;
			buildActionMask = 2147483647;
			files = (
				B5D07BFE2F3A1BF5007CB2FF /* ContactPickerView.swift in Sources */,
				B5D07C002F3A1C38007CB2FF /* ContactPickerViewModel.swift in Sources */,
			);
			runOnlyForDeploymentPostprocessing = 0;
		};
		B58A093E2F38C7AE00CF976B /* Sources */ = {
			isa = PBXSourcesBuildPhase;
			buildActionMask = 2147483647;
			files = (
			);
			runOnlyForDeploymentPostprocessing = 0;
		};
		B58A09482F38C7AE00CF976B /* Sources */ = {
			isa = PBXSourcesBuildPhase;
			buildActionMask = 2147483647;
			files = (
			);
			runOnlyForDeploymentPostprocessing = 0;
		};
/* End PBXSourcesBuildPhase section */

/* Begin PBXTargetDependency section */
		B58A09442F38C7AE00CF976B /* PBXTargetDependency */ = {
			isa = PBXTargetDependency;
			target = B58A09322F38C7AD00CF976B /* Keynotes */;
			targetProxy = B58A09432F38C7AE00CF976B /* PBXContainerItemProxy */;
		};
		B58A094E2F38C7AE00CF976B /* PBXTargetDependency */ = {
			isa = PBXTargetDependency;
			target = B58A09322F38C7AD00CF976B /* Keynotes */;
			targetProxy = B58A094D2F38C7AE00CF976B /* PBXContainerItemProxy */;
		};
/* End PBXTargetDependency section */

/* Begin XCBuildConfiguration section */
		B58A09542F38C7AE00CF976B /* Debug */ = {
			isa = XCBuildConfiguration;
			buildSettings = {
				ALWAYS_SEARCH_USER_PATHS = NO;
				ASSETCATALOG_COMPILER_GENERATE_SWIFT_ASSET_SYMBOL_EXTENSIONS = YES;
				CLANG_ANALYZER_NONNULL = YES;
				CLANG_ANALYZER_NUMBER_OBJECT_CONVERSION = YES_AGGRESSIVE;
				CLANG_CXX_LANGUAGE_STANDARD = "gnu++20";
				CLANG_ENABLE_MODULES = YES;
				CLANG_ENABLE_OBJC_ARC = YES;
				CLANG_ENABLE_OBJC_WEAK = YES;
				CLANG_WARN_BLOCK_CAPTURE_AUTORELEASING = YES;
				CLANG_WARN_BOOL_CONVERSION = YES;
				CLANG_WARN_COMMA = YES;
				CLANG_WARN_CONSTANT_CONVERSION = YES;
				CLANG_WARN_DEPRECATED_OBJC_IMPLEMENTATIONS = YES;
				CLANG_WARN_DIRECT_OBJC_ISA_USAGE = YES_ERROR;
				CLANG_WARN_DOCUMENTATION_COMMENTS = YES;
				CLANG_WARN_EMPTY_BODY = YES;
				CLANG_WARN_ENUM_CONVERSION = YES;
				CLANG_WARN_INFINITE_RECURSION = YES;
				CLANG_WARN_INT_CONVERSION = YES;
				CLANG_WARN_NON_LITERAL_NULL_CONVERSION = YES;
				CLANG_WARN_OBJC_IMPLICIT_RETAIN_SELF = YES;
				CLANG_WARN_OBJC_LITERAL_CONVERSION = YES;
				CLANG_WARN_OBJC_ROOT_CLASS = YES_ERROR;
				CLANG_WARN_QUOTED_INCLUDE_IN_FRAMEWORK_HEADER = YES;
				CLANG_WARN_RANGE_LOOP_ANALYSIS = YES;
				CLANG_WARN_STRICT_PROTOTYPES = YES;
				CLANG_WARN_SUSPICIOUS_MOVE = YES;
				CLANG_WARN_UNGUARDED_AVAILABILITY = YES_AGGRESSIVE;
				CLANG_WARN_UNREACHABLE_CODE = YES;
				CLANG_WARN__DUPLICATE_METHOD_MATCH = YES;
				COPY_PHASE_STRIP = NO;
				DEBUG_INFORMATION_FORMAT = dwarf;
				DEVELOPMENT_TEAM = D7X6ZT8YZW;
				ENABLE_STRICT_OBJC_MSGSEND = YES;
				ENABLE_TESTABILITY = YES;
				ENABLE_USER_SCRIPT_SANDBOXING = YES;
				GCC_C_LANGUAGE_STANDARD = gnu17;
				GCC_DYNAMIC_NO_PIC = NO;
				GCC_NO_COMMON_BLOCKS = YES;
				GCC_OPTIMIZATION_LEVEL = 0;
				GCC_PREPROCESSOR_DEFINITIONS = (
					"DEBUG=1",
					"$(inherited)",
				);
				GCC_WARN_64_TO_32_BIT_CONVERSION = YES;
				GCC_WARN_ABOUT_RETURN_TYPE = YES_ERROR;
				GCC_WARN_UNDECLARED_SELECTOR = YES;
				GCC_WARN_UNINITIALIZED_AUTOS = YES_AGGRESSIVE;
				GCC_WARN_UNUSED_FUNCTION = YES;
				GCC_WARN_UNUSED_VARIABLE = YES;
				IPHONEOS_DEPLOYMENT_TARGET = 26.2;
				LOCALIZATION_PREFERS_STRING_CATALOGS = YES;
				MTL_ENABLE_DEBUG_INFO = INCLUDE_SOURCE;
				MTL_FAST_MATH = YES;
				ONLY_ACTIVE_ARCH = YES;
				SDKROOT = iphoneos;
				SWIFT_ACTIVE_COMPILATION_CONDITIONS = "DEBUG $(inherited)";
				SWIFT_OPTIMIZATION_LEVEL = "-Onone";
			};
			name = Debug;
		};
		B58A09552F38C7AE00CF976B /* Release */ = {
			isa = XCBuildConfiguration;
			buildSettings = {
				ALWAYS_SEARCH_USER_PATHS = NO;
				ASSETCATALOG_COMPILER_GENERATE_SWIFT_ASSET_SYMBOL_EXTENSIONS = YES;
				CLANG_ANALYZER_NONNULL = YES;
				CLANG_ANALYZER_NUMBER_OBJECT_CONVERSION = YES_AGGRESSIVE;
				CLANG_CXX_LANGUAGE_STANDARD = "gnu++20";
				CLANG_ENABLE_MODULES = YES;
				CLANG_ENABLE_OBJC_ARC = YES;
				CLANG_ENABLE_OBJC_WEAK = YES;
				CLANG_WARN_BLOCK_CAPTURE_AUTORELEASING = YES;
				CLANG_WARN_BOOL_CONVERSION = YES;
				CLANG_WARN_COMMA = YES;
				CLANG_WARN_CONSTANT_CONVERSION = YES;
				CLANG_WARN_DEPRECATED_OBJC_IMPLEMENTATIONS = YES;
				CLANG_WARN_DIRECT_OBJC_ISA_USAGE = YES_ERROR;
				CLANG_WARN_DOCUMENTATION_COMMENTS = YES;
				CLANG_WARN_EMPTY_BODY = YES;
				CLANG_WARN_ENUM_CONVERSION = YES;
				CLANG_WARN_INFINITE_RECURSION = YES;
				CLANG_WARN_INT_CONVERSION = YES;
				CLANG_WARN_NON_LITERAL_NULL_CONVERSION = YES;
				CLANG_WARN_OBJC_IMPLICIT_RETAIN_SELF = YES;
				CLANG_WARN_OBJC_LITERAL_CONVERSION = YES;
				CLANG_WARN_OBJC_ROOT_CLASS = YES_ERROR;
				CLANG_WARN_QUOTED_INCLUDE_IN_FRAMEWORK_HEADER = YES;
				CLANG_WARN_RANGE_LOOP_ANALYSIS = YES;
				CLANG_WARN_STRICT_PROTOTYPES = YES;
				CLANG_WARN_SUSPICIOUS_MOVE = YES;
				CLANG_WARN_UNGUARDED_AVAILABILITY = YES_AGGRESSIVE;
				CLANG_WARN_UNREACHABLE_CODE = YES;
				CLANG_WARN__DUPLICATE_METHOD_MATCH = YES;
				COPY_PHASE_STRIP = NO;
				DEBUG_INFORMATION_FORMAT = "dwarf-with-dsym";
				DEVELOPMENT_TEAM = D7X6ZT8YZW;
				ENABLE_NS_ASSERTIONS = NO;
				ENABLE_STRICT_OBJC_MSGSEND = YES;
				ENABLE_USER_SCRIPT_SANDBOXING = YES;
				GCC_C_LANGUAGE_STANDARD = gnu17;
				GCC_NO_COMMON_BLOCKS = YES;
				GCC_WARN_64_TO_32_BIT_CONVERSION = YES;
				GCC_WARN_ABOUT_RETURN_TYPE = YES_ERROR;
				GCC_WARN_UNDECLARED_SELECTOR = YES;
				GCC_WARN_UNINITIALIZED_AUTOS = YES_AGGRESSIVE;
				GCC_WARN_UNUSED_FUNCTION = YES;
				GCC_WARN_UNUSED_VARIABLE = YES;
				IPHONEOS_DEPLOYMENT_TARGET = 26.2;
				LOCALIZATION_PREFERS_STRING_CATALOGS = YES;
				MTL_ENABLE_DEBUG_INFO = NO;
				MTL_FAST_MATH = YES;
				SDKROOT = iphoneos;
				SWIFT_COMPILATION_MODE = wholemodule;
				VALIDATE_PRODUCT = YES;
			};
			name = Release;
		};
		B58A09572F38C7AE00CF976B /* Debug */ = {
			isa = XCBuildConfiguration;
			buildSettings = {
				ASSETCATALOG_COMPILER_APPICON_NAME = AppIcon;
				ASSETCATALOG_COMPILER_GLOBAL_ACCENT_COLOR_NAME = AccentColor;
				CODE_SIGN_ENTITLEMENTS = Keynotes/Keynotes.entitlements;
				CODE_SIGN_STYLE = Automatic;
				CURRENT_PROJECT_VERSION = 1;
				DEVELOPMENT_TEAM = D7X6ZT8YZW;
				ENABLE_PREVIEWS = YES;
				GENERATE_INFOPLIST_FILE = YES;
				INFOPLIST_FILE = Keynotes/Info.plist;
				INFOPLIST_KEY_NSCalendarsUsageDescription = "Diese App prüft die Verfügbarkeit von Terminen und trägt neue Termine ein";
				INFOPLIST_KEY_NSContactsUsageDescription = "Diese App benötigt Zugriff auf Ihre Kontakte, um Keynote-Anfragen mit den zuständigen Ansprechpersonen zu verknüpfen.";
				INFOPLIST_KEY_UIApplicationSceneManifest_Generation = YES;
				INFOPLIST_KEY_UIApplicationSupportsIndirectInputEvents = YES;
				INFOPLIST_KEY_UILaunchScreen_Generation = YES;
				INFOPLIST_KEY_UISupportedInterfaceOrientations_iPad = "UIInterfaceOrientationPortrait UIInterfaceOrientationPortraitUpsideDown UIInterfaceOrientationLandscapeLeft UIInterfaceOrientationLandscapeRight";
				INFOPLIST_KEY_UISupportedInterfaceOrientations_iPhone = "UIInterfaceOrientationPortrait UIInterfaceOrientationLandscapeLeft UIInterfaceOrientationLandscapeRight";
				LD_RUNPATH_SEARCH_PATHS = (
					"$(inherited)",
					"@executable_path/Frameworks",
				);
				MARKETING_VERSION = 1.0;
				PRODUCT_BUNDLE_IDENTIFIER = suessli.Keynotes;
				PRODUCT_NAME = "$(TARGET_NAME)";
				STRING_CATALOG_GENERATE_SYMBOLS = YES;
				SWIFT_APPROACHABLE_CONCURRENCY = YES;
				SWIFT_DEFAULT_ACTOR_ISOLATION = MainActor;
				SWIFT_EMIT_LOC_STRINGS = YES;
				SWIFT_UPCOMING_FEATURE_MEMBER_IMPORT_VISIBILITY = YES;
				SWIFT_VERSION = 5.0;
				TARGETED_DEVICE_FAMILY = "1,2";
			};
			name = Debug;
		};
		B58A09582F38C7AE00CF976B /* Release */ = {
			isa = XCBuildConfiguration;
			buildSettings = {
				ASSETCATALOG_COMPILER_APPICON_NAME = AppIcon;
				ASSETCATALOG_COMPILER_GLOBAL_ACCENT_COLOR_NAME = AccentColor;
				CODE_SIGN_ENTITLEMENTS = Keynotes/Keynotes.entitlements;
				CODE_SIGN_STYLE = Automatic;
				CURRENT_PROJECT_VERSION = 1;
				DEVELOPMENT_TEAM = D7X6ZT8YZW;
				ENABLE_PREVIEWS = YES;
				GENERATE_INFOPLIST_FILE = YES;
				INFOPLIST_FILE = Keynotes/Info.plist;
				INFOPLIST_KEY_NSCalendarsUsageDescription = "Diese App prüft die Verfügbarkeit von Terminen und trägt neue Termine ein";
				INFOPLIST_KEY_NSContactsUsageDescription = "Diese App benötigt Zugriff auf Ihre Kontakte, um Keynote-Anfragen mit den zuständigen Ansprechpersonen zu verknüpfen.";
				INFOPLIST_KEY_UIApplicationSceneManifest_Generation = YES;
				INFOPLIST_KEY_UIApplicationSupportsIndirectInputEvents = YES;
				INFOPLIST_KEY_UILaunchScreen_Generation = YES;
				INFOPLIST_KEY_UISupportedInterfaceOrientations_iPad = "UIInterfaceOrientationPortrait UIInterfaceOrientationPortraitUpsideDown UIInterfaceOrientationLandscapeLeft UIInterfaceOrientationLandscapeRight";
				INFOPLIST_KEY_UISupportedInterfaceOrientations_iPhone = "UIInterfaceOrientationPortrait UIInterfaceOrientationLandscapeLeft UIInterfaceOrientationLandscapeRight";
				LD_RUNPATH_SEARCH_PATHS = (
					"$(inherited)",
					"@executable_path/Frameworks",
				);
				MARKETING_VERSION = 1.0;
				PRODUCT_BUNDLE_IDENTIFIER = suessli.Keynotes;
				PRODUCT_NAME = "$(TARGET_NAME)";
				STRING_CATALOG_GENERATE_SYMBOLS = YES;
				SWIFT_APPROACHABLE_CONCURRENCY = YES;
				SWIFT_DEFAULT_ACTOR_ISOLATION = MainActor;
				SWIFT_EMIT_LOC_STRINGS = YES;
				SWIFT_UPCOMING_FEATURE_MEMBER_IMPORT_VISIBILITY = YES;
				SWIFT_VERSION = 5.0;
				TARGETED_DEVICE_FAMILY = "1,2";
			};
			name = Release;
		};
		B58A095A2F38C7AE00CF976B /* Debug */ = {
			isa = XCBuildConfiguration;
			buildSettings = {
				BUNDLE_LOADER = "$(TEST_HOST)";
				CODE_SIGN_STYLE = Automatic;
				CURRENT_PROJECT_VERSION = 1;
				DEVELOPMENT_TEAM = D7X6ZT8YZW;
				GENERATE_INFOPLIST_FILE = YES;
				IPHONEOS_DEPLOYMENT_TARGET = 26.2;
				MARKETING_VERSION = 1.0;
				PRODUCT_BUNDLE_IDENTIFIER = suessli.KeynotesTests;
				PRODUCT_NAME = "$(TARGET_NAME)";
				STRING_CATALOG_GENERATE_SYMBOLS = NO;
				SWIFT_APPROACHABLE_CONCURRENCY = YES;
				SWIFT_EMIT_LOC_STRINGS = NO;
				SWIFT_UPCOMING_FEATURE_MEMBER_IMPORT_VISIBILITY = YES;
				SWIFT_VERSION = 5.0;
				TARGETED_DEVICE_FAMILY = "1,2";
				TEST_HOST = "$(BUILT_PRODUCTS_DIR)/Keynotes.app/$(BUNDLE_EXECUTABLE_FOLDER_PATH)/Keynotes";
			};
			name = Debug;
		};
		B58A095B2F38C7AE00CF976B /* Release */ = {
			isa = XCBuildConfiguration;
			buildSettings = {
				BUNDLE_LOADER = "$(TEST_HOST)";
				CODE_SIGN_STYLE = Automatic;
				CURRENT_PROJECT_VERSION = 1;
				DEVELOPMENT_TEAM = D7X6ZT8YZW;
				GENERATE_INFOPLIST_FILE = YES;
				IPHONEOS_DEPLOYMENT_TARGET = 26.2;
				MARKETING_VERSION = 1.0;
				PRODUCT_BUNDLE_IDENTIFIER = suessli.KeynotesTests;
				PRODUCT_NAME = "$(TARGET_NAME)";
				STRING_CATALOG_GENERATE_SYMBOLS = NO;
				SWIFT_APPROACHABLE_CONCURRENCY = YES;
				SWIFT_EMIT_LOC_STRINGS = NO;
				SWIFT_UPCOMING_FEATURE_MEMBER_IMPORT_VISIBILITY = YES;
				SWIFT_VERSION = 5.0;
				TARGETED_DEVICE_FAMILY = "1,2";
				TEST_HOST = "$(BUILT_PRODUCTS_DIR)/Keynotes.app/$(BUNDLE_EXECUTABLE_FOLDER_PATH)/Keynotes";
			};
			name = Release;
		};
		B58A095D2F38C7AE00CF976B /* Debug */ = {
			isa = XCBuildConfiguration;
			buildSettings = {
				CODE_SIGN_STYLE = Automatic;
				CURRENT_PROJECT_VERSION = 1;
				DEVELOPMENT_TEAM = D7X6ZT8YZW;
				GENERATE_INFOPLIST_FILE = YES;
				MARKETING_VERSION = 1.0;
				PRODUCT_BUNDLE_IDENTIFIER = suessli.KeynotesUITests;
				PRODUCT_NAME = "$(TARGET_NAME)";
				STRING_CATALOG_GENERATE_SYMBOLS = NO;
				SWIFT_APPROACHABLE_CONCURRENCY = YES;
				SWIFT_EMIT_LOC_STRINGS = NO;
				SWIFT_UPCOMING_FEATURE_MEMBER_IMPORT_VISIBILITY = YES;
				SWIFT_VERSION = 5.0;
				TARGETED_DEVICE_FAMILY = "1,2";
				TEST_TARGET_NAME = Keynotes;
			};
			name = Debug;
		};
		B58A095E2F38C7AE00CF976B /* Release */ = {
			isa = XCBuildConfiguration;
			buildSettings = {
				CODE_SIGN_STYLE = Automatic;
				CURRENT_PROJECT_VERSION = 1;
				DEVELOPMENT_TEAM = D7X6ZT8YZW;
				GENERATE_INFOPLIST_FILE = YES;
				MARKETING_VERSION = 1.0;
				PRODUCT_BUNDLE_IDENTIFIER = suessli.KeynotesUITests;
				PRODUCT_NAME = "$(TARGET_NAME)";
				STRING_CATALOG_GENERATE_SYMBOLS = NO;
				SWIFT_APPROACHABLE_CONCURRENCY = YES;
				SWIFT_EMIT_LOC_STRINGS = NO;
				SWIFT_UPCOMING_FEATURE_MEMBER_IMPORT_VISIBILITY = YES;
				SWIFT_VERSION = 5.0;
				TARGETED_DEVICE_FAMILY = "1,2";
				TEST_TARGET_NAME = Keynotes;
			};
			name = Release;
		};
/* End XCBuildConfiguration section */

/* Begin XCConfigurationList section */
		B58A092E2F38C7AD00CF976B /* Build configuration list for PBXProject "Keynotes" */ = {
			isa = XCConfigurationList;
			buildConfigurations = (
				B58A09542F38C7AE00CF976B /* Debug */,
				B58A09552F38C7AE00CF976B /* Release */,
			);
			defaultConfigurationIsVisible = 0;
			defaultConfigurationName = Release;
		};
		B58A09562F38C7AE00CF976B /* Build configuration list for PBXNativeTarget "Keynotes" */ = {
			isa = XCConfigurationList;
			buildConfigurations = (
				B58A09572F38C7AE00CF976B /* Debug */,
				B58A09582F38C7AE00CF976B /* Release */,
			);
			defaultConfigurationIsVisible = 0;
			defaultConfigurationName = Release;
		};
		B58A09592F38C7AE00CF976B /* Build configuration list for PBXNativeTarget "KeynotesTests" */ = {
			isa = XCConfigurationList;
			buildConfigurations = (
				B58A095A2F38C7AE00CF976B /* Debug */,
				B58A095B2F38C7AE00CF976B /* Release */,
			);
			defaultConfigurationIsVisible = 0;
			defaultConfigurationName = Release;
		};
		B58A095C2F38C7AE00CF976B /* Build configuration list for PBXNativeTarget "KeynotesUITests" */ = {
			isa = XCConfigurationList;
			buildConfigurations = (
				B58A095D2F38C7AE00CF976B /* Debug */,
				B58A095E2F38C7AE00CF976B /* Release */,
			);
			defaultConfigurationIsVisible = 0;
			defaultConfigurationName = Release;
		};
/* End XCConfigurationList section */
	};
	rootObject = B58A092B2F38C7AD00CF976B /* Project object */;
}
